{
  "originHash" : "6c6e1769d9f4dbcdc5d8388820c0738d321524ff18a1ea762fb8cc827dffb4d4",
  "pins" : [
    {
      "identity" : "swift-cmark",
      "kind" : "remoteSourceControl",
      "location" : "https://github.com/swiftlang/swift-cmark.git",
      "state" : {
        "revision" : "5d9bdaa4228b381639fff09403e39a04926e2dbe",
        "version" : "0.7.1"
      }
    },
    {
      "identity" : "swift-markdown",
      "kind" : "remoteSourceControl",
      "location" : "https://github.com/apple/swift-markdown",
      "state" : {
        "revision" : "7d9a5ce307528578dfa777d505496bd5f544ad94",
        "version" : "0.7.3"
      }
    },
    {
      "identity" : "web-ui",
      "kind" : "remoteSourceControl",
      "location" : "https://github.com/mac9sb/web-ui",
      "state" : {
        "branch" : "main",
        "revision" : "1226b5bf49761017b1ef194c379ebf71a30d08bf"
      }
    }
  ],
  "version" : 3
}
